
Microsoft Visual Studio Solution File, Format Version 12.00
# Visual Studio Version 17
VisualStudioVersion = 17.12.35527.113
MinimumVisualStudioVersion = 10.0.40219.1
Project("{8BC9CEB8-8B4A-11D0-8D11-00A0C91BC942}") = "BookTest", "CPlusPlusPractice\CPlusPlusPractice.vcxproj", "{7777BBE8-2193-4CEA-A8CA-036B017D6CD9}"
EndProject
Project("{8BC9CEB8-8B4A-11D0-8D11-00A0C91BC942}") = "FruitTest", "FruitTest\FruitTest.vcxproj", "{156B9CDD-1DB8-4630-B158-39B4F5C66967}"
EndProject
Project("{8BC9CEB8-8B4A-11D0-8D11-00A0C91BC942}") = "FileStream", "FileStream\FileStream.vcxproj", "{1B9EE140-40F8-40E6-82D6-B7927B027C77}"
EndProject
Project("{8BC9CEB8-8B4A-11D0-8D11-00A0C91BC942}") = "Arrays", "Arrays\Arrays.vcxproj", "{C2551328-9487-498A-A8F2-E8DD088D55DE}"
EndProject
Project("{8BC9CEB8-8B4A-11D0-8D11-00A0C91BC942}") = "Average", "Average\Average.vcxproj", "{5D3D504D-C0B0-4FD5-B8E4-610EEF802CD8}"
EndProject
Project("{8BC9CEB8-8B4A-11D0-8D11-00A0C91BC942}") = "Calculator", "Calculator\Calculator.vcxproj", "{E03AAF39-BBEF-4DE1-BAEF-D485B4A79067}"
EndProject
Project("{8BC9CEB8-8B4A-11D0-8D11-00A0C91BC942}") = "Classes", "Classes\Classes.vcxproj", "{A6325FA0-1404-4518-B796-031E57176093}"
EndProject
Project("{8BC9CEB8-8B4A-11D0-8D11-00A0C91BC942}") = "Divide", "Divide\Divide.vcxproj", "{60C910CB-F075-4E10-87C5-EEA4D4D9A660}"
EndProject
Project("{8BC9CEB8-8B4A-11D0-8D11-00A0C91BC942}") = "Example", "Example\Example.vcxproj", "{2762DC6D-CAF4-4F9D-88A6-81CA6E40CDEC}"
EndProject
Project("{8BC9CEB8-8B4A-11D0-8D11-00A0C91BC942}") = "Largest", "Largest\Largest.vcxproj", "{7EC3357A-8A6A-4876-8CFA-578A97CEEA14}"
EndProject
Project("{8BC9CEB8-8B4A-11D0-8D11-00A0C91BC942}") = "Leap", "Leap\Leap.vcxproj", "{67CA42CD-D80B-48C5-9DC5-46704345F775}"
EndProject
Project("{8BC9CEB8-8B4A-11D0-8D11-00A0C91BC942}") = "Math", "Math\Math.vcxproj", "{183CF74E-0899-4521-AD4C-EC87267B2737}"
EndProject
Project("{8BC9CEB8-8B4A-11D0-8D11-00A0C91BC942}") = "Operation", "Operation\Operation.vcxproj", "{6578C9BE-77E2-4B09-B434-3A9E7FAEEBC3}"
EndProject
Project("{8BC9CEB8-8B4A-11D0-8D11-00A0C91BC942}") = "Rectangle", "Rectangle\Rectangle.vcxproj", "{B9599E1E-B50F-48EA-B03B-939927D50384}"
EndProject
Project("{8BC9CEB8-8B4A-11D0-8D11-00A0C91BC942}") = "Stair", "Stair\Stair.vcxproj", "{6AD41F05-5EF9-4A02-BAA9-FC3A917C89A7}"
EndProject
Project("{8BC9CEB8-8B4A-11D0-8D11-00A0C91BC942}") = "Sum", "Sum\Sum.vcxproj", "{8B6F6A45-6FF1-4E5D-A42C-DD0B8D50296E}"
EndProject
Project("{8BC9CEB8-8B4A-11D0-8D11-00A0C91BC942}") = "SwapNumbers", "SwapNumbers\SwapNumbers.vcxproj", "{314EE4FB-7FE2-4E07-98B1-95B4D2C945F7}"
EndProject
Project("{8BC9CEB8-8B4A-11D0-8D11-00A0C91BC942}") = "Switch", "Switch\Switch.vcxproj", "{6A1AF1B8-37BA-4103-9A21-47BA9F811D53}"
EndProject
Project("{8BC9CEB8-8B4A-11D0-8D11-00A0C91BC942}") = "Transpose", "Transpose\Transpose.vcxproj", "{53A6982A-68E6-44E8-825B-A9F3378A2F0F}"
EndProject
Project("{8BC9CEB8-8B4A-11D0-8D11-00A0C91BC942}") = "TwoNumbers", "TwoNumbers\TwoNumbers.vcxproj", "{2BF1ECAA-07A0-43D3-9D60-CB16AEA0F2CE}"
EndProject
Global
	GlobalSection(SolutionConfigurationPlatforms) = preSolution
		Debug|x64 = Debug|x64
		Debug|x86 = Debug|x86
		Release|x64 = Release|x64
		Release|x86 = Release|x86
	EndGlobalSection
	GlobalSection(ProjectConfigurationPlatforms) = postSolution
		{7777BBE8-2193-4CEA-A8CA-036B017D6CD9}.Debug|x64.ActiveCfg = Debug|x64
		{7777BBE8-2193-4CEA-A8CA-036B017D6CD9}.Debug|x64.Build.0 = Debug|x64
		{7777BBE8-2193-4CEA-A8CA-036B017D6CD9}.Debug|x86.ActiveCfg = Debug|Win32
		{7777BBE8-2193-4CEA-A8CA-036B017D6CD9}.Debug|x86.Build.0 = Debug|Win32
		{7777BBE8-2193-4CEA-A8CA-036B017D6CD9}.Release|x64.ActiveCfg = Release|x64
		{7777BBE8-2193-4CEA-A8CA-036B017D6CD9}.Release|x64.Build.0 = Release|x64
		{7777BBE8-2193-4CEA-A8CA-036B017D6CD9}.Release|x86.ActiveCfg = Release|Win32
		{7777BBE8-2193-4CEA-A8CA-036B017D6CD9}.Release|x86.Build.0 = Release|Win32
		{156B9CDD-1DB8-4630-B158-39B4F5C66967}.Debug|x64.ActiveCfg = Debug|x64
		{156B9CDD-1DB8-4630-B158-39B4F5C66967}.Debug|x64.Build.0 = Debug|x64
		{156B9CDD-1DB8-4630-B158-39B4F5C66967}.Debug|x86.ActiveCfg = Debug|Win32
		{156B9CDD-1DB8-4630-B158-39B4F5C66967}.Debug|x86.Build.0 = Debug|Win32
		{156B9CDD-1DB8-4630-B158-39B4F5C66967}.Release|x64.ActiveCfg = Release|x64
		{156B9CDD-1DB8-4630-B158-39B4F5C66967}.Release|x64.Build.0 = Release|x64
		{156B9CDD-1DB8-4630-B158-39B4F5C66967}.Release|x86.ActiveCfg = Release|Win32
		{156B9CDD-1DB8-4630-B158-39B4F5C66967}.Release|x86.Build.0 = Release|Win32
		{1B9EE140-40F8-40E6-82D6-B7927B027C77}.Debug|x64.ActiveCfg = Debug|x64
		{1B9EE140-40F8-40E6-82D6-B7927B027C77}.Debug|x64.Build.0 = Debug|x64
		{1B9EE140-40F8-40E6-82D6-B7927B027C77}.Debug|x86.ActiveCfg = Debug|Win32
		{1B9EE140-40F8-40E6-82D6-B7927B027C77}.Debug|x86.Build.0 = Debug|Win32
		{1B9EE140-40F8-40E6-82D6-B7927B027C77}.Release|x64.ActiveCfg = Release|x64
		{1B9EE140-40F8-40E6-82D6-B7927B027C77}.Release|x64.Build.0 = Release|x64
		{1B9EE140-40F8-40E6-82D6-B7927B027C77}.Release|x86.ActiveCfg = Release|Win32
		{1B9EE140-40F8-40E6-82D6-B7927B027C77}.Release|x86.Build.0 = Release|Win32
		{C2551328-9487-498A-A8F2-E8DD088D55DE}.Debug|x64.ActiveCfg = Debug|x64
		{C2551328-9487-498A-A8F2-E8DD088D55DE}.Debug|x64.Build.0 = Debug|x64
		{C2551328-9487-498A-A8F2-E8DD088D55DE}.Debug|x86.ActiveCfg = Debug|Win32
		{C2551328-9487-498A-A8F2-E8DD088D55DE}.Debug|x86.Build.0 = Debug|Win32
		{C2551328-9487-498A-A8F2-E8DD088D55DE}.Release|x64.ActiveCfg = Release|x64
		{C2551328-9487-498A-A8F2-E8DD088D55DE}.Release|x64.Build.0 = Release|x64
		{C2551328-9487-498A-A8F2-E8DD088D55DE}.Release|x86.ActiveCfg = Release|Win32
		{C2551328-9487-498A-A8F2-E8DD088D55DE}.Release|x86.Build.0 = Release|Win32
		{5D3D504D-C0B0-4FD5-B8E4-610EEF802CD8}.Debug|x64.ActiveCfg = Debug|x64
		{5D3D504D-C0B0-4FD5-B8E4-610EEF802CD8}.Debug|x64.Build.0 = Debug|x64
		{5D3D504D-C0B0-4FD5-B8E4-610EEF802CD8}.Debug|x86.ActiveCfg = Debug|Win32
		{5D3D504D-C0B0-4FD5-B8E4-610EEF802CD8}.Debug|x86.Build.0 = Debug|Win32
		{5D3D504D-C0B0-4FD5-B8E4-610EEF802CD8}.Release|x64.ActiveCfg = Release|x64
		{5D3D504D-C0B0-4FD5-B8E4-610EEF802CD8}.Release|x64.Build.0 = Release|x64
		{5D3D504D-C0B0-4FD5-B8E4-610EEF802CD8}.Release|x86.ActiveCfg = Release|Win32
		{5D3D504D-C0B0-4FD5-B8E4-610EEF802CD8}.Release|x86.Build.0 = Release|Win32
		{E03AAF39-BBEF-4DE1-BAEF-D485B4A79067}.Debug|x64.ActiveCfg = Debug|x64
		{E03AAF39-BBEF-4DE1-BAEF-D485B4A79067}.Debug|x64.Build.0 = Debug|x64
		{E03AAF39-BBEF-4DE1-BAEF-D485B4A79067}.Debug|x86.ActiveCfg = Debug|Win32
		{E03AAF39-BBEF-4DE1-BAEF-D485B4A79067}.Debug|x86.Build.0 = Debug|Win32
		{E03AAF39-BBEF-4DE1-BAEF-D485B4A79067}.Release|x64.ActiveCfg = Release|x64
		{E03AAF39-BBEF-4DE1-BAEF-D485B4A79067}.Release|x64.Build.0 = Release|x64
		{E03AAF39-BBEF-4DE1-BAEF-D485B4A79067}.Release|x86.ActiveCfg = Release|Win32
		{E03AAF39-BBEF-4DE1-BAEF-D485B4A79067}.Release|x86.Build.0 = Release|Win32
		{A6325FA0-1404-4518-B796-031E57176093}.Debug|x64.ActiveCfg = Debug|x64
		{A6325FA0-1404-4518-B796-031E57176093}.Debug|x64.Build.0 = Debug|x64
		{A6325FA0-1404-4518-B796-031E57176093}.Debug|x86.ActiveCfg = Debug|Win32
		{A6325FA0-1404-4518-B796-031E57176093}.Debug|x86.Build.0 = Debug|Win32
		{A6325FA0-1404-4518-B796-031E57176093}.Release|x64.ActiveCfg = Release|x64
		{A6325FA0-1404-4518-B796-031E57176093}.Release|x64.Build.0 = Release|x64
		{A6325FA0-1404-4518-B796-031E57176093}.Release|x86.ActiveCfg = Release|Win32
		{A6325FA0-1404-4518-B796-031E57176093}.Release|x86.Build.0 = Release|Win32
		{60C910CB-F075-4E10-87C5-EEA4D4D9A660}.Debug|x64.ActiveCfg = Debug|x64
		{60C910CB-F075-4E10-87C5-EEA4D4D9A660}.Debug|x64.Build.0 = Debug|x64
		{60C910CB-F075-4E10-87C5-EEA4D4D9A660}.Debug|x86.ActiveCfg = Debug|Win32
		{60C910CB-F075-4E10-87C5-EEA4D4D9A660}.Debug|x86.Build.0 = Debug|Win32
		{60C910CB-F075-4E10-87C5-EEA4D4D9A660}.Release|x64.ActiveCfg = Release|x64
		{60C910CB-F075-4E10-87C5-EEA4D4D9A660}.Release|x64.Build.0 = Release|x64
		{60C910CB-F075-4E10-87C5-EEA4D4D9A660}.Release|x86.ActiveCfg = Release|Win32
		{60C910CB-F075-4E10-87C5-EEA4D4D9A660}.Release|x86.Build.0 = Release|Win32
		{2762DC6D-CAF4-4F9D-88A6-81CA6E40CDEC}.Debug|x64.ActiveCfg = Debug|x64
		{2762DC6D-CAF4-4F9D-88A6-81CA6E40CDEC}.Debug|x64.Build.0 = Debug|x64
		{2762DC6D-CAF4-4F9D-88A6-81CA6E40CDEC}.Debug|x86.ActiveCfg = Debug|Win32
		{2762DC6D-CAF4-4F9D-88A6-81CA6E40CDEC}.Debug|x86.Build.0 = Debug|Win32
		{2762DC6D-CAF4-4F9D-88A6-81CA6E40CDEC}.Release|x64.ActiveCfg = Release|x64
		{2762DC6D-CAF4-4F9D-88A6-81CA6E40CDEC}.Release|x64.Build.0 = Release|x64
		{2762DC6D-CAF4-4F9D-88A6-81CA6E40CDEC}.Release|x86.ActiveCfg = Release|Win32
		{2762DC6D-CAF4-4F9D-88A6-81CA6E40CDEC}.Release|x86.Build.0 = Release|Win32
		{7EC3357A-8A6A-4876-8CFA-578A97CEEA14}.Debug|x64.ActiveCfg = Debug|x64
		{7EC3357A-8A6A-4876-8CFA-578A97CEEA14}.Debug|x64.Build.0 = Debug|x64
		{7EC3357A-8A6A-4876-8CFA-578A97CEEA14}.Debug|x86.ActiveCfg = Debug|Win32
		{7EC3357A-8A6A-4876-8CFA-578A97CEEA14}.Debug|x86.Build.0 = Debug|Win32
		{7EC3357A-8A6A-4876-8CFA-578A97CEEA14}.Release|x64.ActiveCfg = Release|x64
		{7EC3357A-8A6A-4876-8CFA-578A97CEEA14}.Release|x64.Build.0 = Release|x64
		{7EC3357A-8A6A-4876-8CFA-578A97CEEA14}.Release|x86.ActiveCfg = Release|Win32
		{7EC3357A-8A6A-4876-8CFA-578A97CEEA14}.Release|x86.Build.0 = Release|Win32
		{67CA42CD-D80B-48C5-9DC5-46704345F775}.Debug|x64.ActiveCfg = Debug|x64
		{67CA42CD-D80B-48C5-9DC5-46704345F775}.Debug|x64.Build.0 = Debug|x64
		{67CA42CD-D80B-48C5-9DC5-46704345F775}.Debug|x86.ActiveCfg = Debug|Win32
		{67CA42CD-D80B-48C5-9DC5-46704345F775}.Debug|x86.Build.0 = Debug|Win32
		{67CA42CD-D80B-48C5-9DC5-46704345F775}.Release|x64.ActiveCfg = Release|x64
		{67CA42CD-D80B-48C5-9DC5-46704345F775}.Release|x64.Build.0 = Release|x64
		{67CA42CD-D80B-48C5-9DC5-46704345F775}.Release|x86.ActiveCfg = Release|Win32
		{67CA42CD-D80B-48C5-9DC5-46704345F775}.Release|x86.Build.0 = Release|Win32
		{183CF74E-0899-4521-AD4C-EC87267B2737}.Debug|x64.ActiveCfg = Debug|x64
		{183CF74E-0899-4521-AD4C-EC87267B2737}.Debug|x64.Build.0 = Debug|x64
		{183CF74E-0899-4521-AD4C-EC87267B2737}.Debug|x86.ActiveCfg = Debug|Win32
		{183CF74E-0899-4521-AD4C-EC87267B2737}.Debug|x86.Build.0 = Debug|Win32
		{183CF74E-0899-4521-AD4C-EC87267B2737}.Release|x64.ActiveCfg = Release|x64
		{183CF74E-0899-4521-AD4C-EC87267B2737}.Release|x64.Build.0 = Release|x64
		{183CF74E-0899-4521-AD4C-EC87267B2737}.Release|x86.ActiveCfg = Release|Win32
		{183CF74E-0899-4521-AD4C-EC87267B2737}.Release|x86.Build.0 = Release|Win32
		{6578C9BE-77E2-4B09-B434-3A9E7FAEEBC3}.Debug|x64.ActiveCfg = Debug|x64
		{6578C9BE-77E2-4B09-B434-3A9E7FAEEBC3}.Debug|x64.Build.0 = Debug|x64
		{6578C9BE-77E2-4B09-B434-3A9E7FAEEBC3}.Debug|x86.ActiveCfg = Debug|Win32
		{6578C9BE-77E2-4B09-B434-3A9E7FAEEBC3}.Debug|x86.Build.0 = Debug|Win32
		{6578C9BE-77E2-4B09-B434-3A9E7FAEEBC3}.Release|x64.ActiveCfg = Release|x64
		{6578C9BE-77E2-4B09-B434-3A9E7FAEEBC3}.Release|x64.Build.0 = Release|x64
		{6578C9BE-77E2-4B09-B434-3A9E7FAEEBC3}.Release|x86.ActiveCfg = Release|Win32
		{6578C9BE-77E2-4B09-B434-3A9E7FAEEBC3}.Release|x86.Build.0 = Release|Win32
		{B9599E1E-B50F-48EA-B03B-939927D50384}.Debug|x64.ActiveCfg = Debug|x64
		{B9599E1E-B50F-48EA-B03B-939927D50384}.Debug|x64.Build.0 = Debug|x64
		{B9599E1E-B50F-48EA-B03B-939927D50384}.Debug|x86.ActiveCfg = Debug|Win32
		{B9599E1E-B50F-48EA-B03B-939927D50384}.Debug|x86.Build.0 = Debug|Win32
		{B9599E1E-B50F-48EA-B03B-939927D50384}.Release|x64.ActiveCfg = Release|x64
		{B9599E1E-B50F-48EA-B03B-939927D50384}.Release|x64.Build.0 = Release|x64
		{B9599E1E-B50F-48EA-B03B-939927D50384}.Release|x86.ActiveCfg = Release|Win32
		{B9599E1E-B50F-48EA-B03B-939927D50384}.Release|x86.Build.0 = Release|Win32
		{6AD41F05-5EF9-4A02-BAA9-FC3A917C89A7}.Debug|x64.ActiveCfg = Debug|x64
		{6AD41F05-5EF9-4A02-BAA9-FC3A917C89A7}.Debug|x64.Build.0 = Debug|x64
		{6AD41F05-5EF9-4A02-BAA9-FC3A917C89A7}.Debug|x86.ActiveCfg = Debug|Win32
		{6AD41F05-5EF9-4A02-BAA9-FC3A917C89A7}.Debug|x86.Build.0 = Debug|Win32
		{6AD41F05-5EF9-4A02-BAA9-FC3A917C89A7}.Release|x64.ActiveCfg = Release|x64
		{6AD41F05-5EF9-4A02-BAA9-FC3A917C89A7}.Release|x64.Build.0 = Release|x64
		{6AD41F05-5EF9-4A02-BAA9-FC3A917C89A7}.Release|x86.ActiveCfg = Release|Win32
		{6AD41F05-5EF9-4A02-BAA9-FC3A917C89A7}.Release|x86.Build.0 = Release|Win32
		{8B6F6A45-6FF1-4E5D-A42C-DD0B8D50296E}.Debug|x64.ActiveCfg = Debug|x64
		{8B6F6A45-6FF1-4E5D-A42C-DD0B8D50296E}.Debug|x64.Build.0 = Debug|x64
		{8B6F6A45-6FF1-4E5D-A42C-DD0B8D50296E}.Debug|x86.ActiveCfg = Debug|Win32
		{8B6F6A45-6FF1-4E5D-A42C-DD0B8D50296E}.Debug|x86.Build.0 = Debug|Win32
		{8B6F6A45-6FF1-4E5D-A42C-DD0B8D50296E}.Release|x64.ActiveCfg = Release|x64
		{8B6F6A45-6FF1-4E5D-A42C-DD0B8D50296E}.Release|x64.Build.0 = Release|x64
		{8B6F6A45-6FF1-4E5D-A42C-DD0B8D50296E}.Release|x86.ActiveCfg = Release|Win32
		{8B6F6A45-6FF1-4E5D-A42C-DD0B8D50296E}.Release|x86.Build.0 = Release|Win32
		{314EE4FB-7FE2-4E07-98B1-95B4D2C945F7}.Debug|x64.ActiveCfg = Debug|x64
		{314EE4FB-7FE2-4E07-98B1-95B4D2C945F7}.Debug|x64.Build.0 = Debug|x64
		{314EE4FB-7FE2-4E07-98B1-95B4D2C945F7}.Debug|x86.ActiveCfg = Debug|Win32
		{314EE4FB-7FE2-4E07-98B1-95B4D2C945F7}.Debug|x86.Build.0 = Debug|Win32
		{314EE4FB-7FE2-4E07-98B1-95B4D2C945F7}.Release|x64.ActiveCfg = Release|x64
		{314EE4FB-7FE2-4E07-98B1-95B4D2C945F7}.Release|x64.Build.0 = Release|x64
		{314EE4FB-7FE2-4E07-98B1-95B4D2C945F7}.Release|x86.ActiveCfg = Release|Win32
		{314EE4FB-7FE2-4E07-98B1-95B4D2C945F7}.Release|x86.Build.0 = Release|Win32
		{6A1AF1B8-37BA-4103-9A21-47BA9F811D53}.Debug|x64.ActiveCfg = Debug|x64
		{6A1AF1B8-37BA-4103-9A21-47BA9F811D53}.Debug|x64.Build.0 = Debug|x64
		{6A1AF1B8-37BA-4103-9A21-47BA9F811D53}.Debug|x86.ActiveCfg = Debug|Win32
		{6A1AF1B8-37BA-4103-9A21-47BA9F811D53}.Debug|x86.Build.0 = Debug|Win32
		{6A1AF1B8-37BA-4103-9A21-47BA9F811D53}.Release|x64.ActiveCfg = Release|x64
		{6A1AF1B8-37BA-4103-9A21-47BA9F811D53}.Release|x64.Build.0 = Release|x64
		{6A1AF1B8-37BA-4103-9A21-47BA9F811D53}.Release|x86.ActiveCfg = Release|Win32
		{6A1AF1B8-37BA-4103-9A21-47BA9F811D53}.Release|x86.Build.0 = Release|Win32
		{53A6982A-68E6-44E8-825B-A9F3378A2F0F}.Debug|x64.ActiveCfg = Debug|x64
		{53A6982A-68E6-44E8-825B-A9F3378A2F0F}.Debug|x64.Build.0 = Debug|x64
		{53A6982A-68E6-44E8-825B-A9F3378A2F0F}.Debug|x86.ActiveCfg = Debug|Win32
		{53A6982A-68E6-44E8-825B-A9F3378A2F0F}.Debug|x86.Build.0 = Debug|Win32
		{53A6982A-68E6-44E8-825B-A9F3378A2F0F}.Release|x64.ActiveCfg = Release|x64
		{53A6982A-68E6-44E8-825B-A9F3378A2F0F}.Release|x64.Build.0 = Release|x64
		{53A6982A-68E6-44E8-825B-A9F3378A2F0F}.Release|x86.ActiveCfg = Release|Win32
		{53A6982A-68E6-44E8-825B-A9F3378A2F0F}.Release|x86.Build.0 = Release|Win32
		{2BF1ECAA-07A0-43D3-9D60-CB16AEA0F2CE}.Debug|x64.ActiveCfg = Debug|x64
		{2BF1ECAA-07A0-43D3-9D60-CB16AEA0F2CE}.Debug|x64.Build.0 = Debug|x64
		{2BF1ECAA-07A0-43D3-9D60-CB16AEA0F2CE}.Debug|x86.ActiveCfg = Debug|Win32
		{2BF1ECAA-07A0-43D3-9D60-CB16AEA0F2CE}.Debug|x86.Build.0 = Debug|Win32
		{2BF1ECAA-07A0-43D3-9D60-CB16AEA0F2CE}.Release|x64.ActiveCfg = Release|x64
		{2BF1ECAA-07A0-43D3-9D60-CB16AEA0F2CE}.Release|x64.Build.0 = Release|x64
		{2BF1ECAA-07A0-43D3-9D60-CB16AEA0F2CE}.Release|x86.ActiveCfg = Release|Win32
		{2BF1ECAA-07A0-43D3-9D60-CB16AEA0F2CE}.Release|x86.Build.0 = Release|Win32
	EndGlobalSection
	GlobalSection(SolutionProperties) = preSolution
		HideSolutionNode = FALSE
	EndGlobalSection
EndGlobal
